
Microsoft Visual Studio Solution File, Format Version 12.00
# Visual Studio Version 17
VisualStudioVersion = 17.10.35027.167
MinimumVisualStudioVersion = 10.0.40219.1
Project("{9A19103F-16F7-4668-BE54-9A1E7A4F7556}") = "Login", "Login\Login.csproj", "{E3868582-A71E-4BB6-BBA9-4BB0DE713A30}"
EndProject
Project("{9A19103F-16F7-4668-BE54-9A1E7A4F7556}") = "DataAccessDB", "DataAccessDB\DataAccessDB.csproj", "{A5EB24A9-3AE2-420E-908E-870606AF3EF1}"
EndProject
Project("{9A19103F-16F7-4668-BE54-9A1E7A4F7556}") = "BusinessEntity", "BusinessEntity\BusinessEntity.csproj", "{1C8CB289-F3DC-41EB-AE0A-25E8E3883854}"
EndProject
Project("{9A19103F-16F7-4668-BE54-9A1E7A4F7556}") = "TheDebugLunch", "..\..\..\source\repos\Restaurante\TheDebugLunch\TheDebugLunch.csproj", "{E8D087A9-4081-4655-AD1E-8D79C0FF828F}"
EndProject
Global
	GlobalSection(SolutionConfigurationPlatforms) = preSolution
		Debug|Any CPU = Debug|Any CPU
		Release|Any CPU = Release|Any CPU
	EndGlobalSection
	GlobalSection(ProjectConfigurationPlatforms) = postSolution
		{E3868582-A71E-4BB6-BBA9-4BB0DE713A30}.Debug|Any CPU.ActiveCfg = Debug|Any CPU
		{E3868582-A71E-4BB6-BBA9-4BB0DE713A30}.Debug|Any CPU.Build.0 = Debug|Any CPU
		{E3868582-A71E-4BB6-BBA9-4BB0DE713A30}.Release|Any CPU.ActiveCfg = Release|Any CPU
		{E3868582-A71E-4BB6-BBA9-4BB0DE713A30}.Release|Any CPU.Build.0 = Release|Any CPU
		{A5EB24A9-3AE2-420E-908E-870606AF3EF1}.Debug|Any CPU.ActiveCfg = Debug|Any CPU
		{A5EB24A9-3AE2-420E-908E-870606AF3EF1}.Debug|Any CPU.Build.0 = Debug|Any CPU
		{A5EB24A9-3AE2-420E-908E-870606AF3EF1}.Release|Any CPU.ActiveCfg = Release|Any CPU
		{A5EB24A9-3AE2-420E-908E-870606AF3EF1}.Release|Any CPU.Build.0 = Release|Any CPU
		{1C8CB289-F3DC-41EB-AE0A-25E8E3883854}.Debug|Any CPU.ActiveCfg = Debug|Any CPU
		{1C8CB289-F3DC-41EB-AE0A-25E8E3883854}.Debug|Any CPU.Build.0 = Debug|Any CPU
		{1C8CB289-F3DC-41EB-AE0A-25E8E3883854}.Release|Any CPU.ActiveCfg = Release|Any CPU
		{1C8CB289-F3DC-41EB-AE0A-25E8E3883854}.Release|Any CPU.Build.0 = Release|Any CPU
		{E8D087A9-4081-4655-AD1E-8D79C0FF828F}.Debug|Any CPU.ActiveCfg = Debug|Any CPU
		{E8D087A9-4081-4655-AD1E-8D79C0FF828F}.Debug|Any CPU.Build.0 = Debug|Any CPU
		{E8D087A9-4081-4655-AD1E-8D79C0FF828F}.Release|Any CPU.ActiveCfg = Release|Any CPU
		{E8D087A9-4081-4655-AD1E-8D79C0FF828F}.Release|Any CPU.Build.0 = Release|Any CPU
	EndGlobalSection
	GlobalSection(SolutionProperties) = preSolution
		HideSolutionNode = FALSE
	EndGlobalSection
	GlobalSection(ExtensibilityGlobals) = postSolution
		SolutionGuid = {0C319F4E-BB68-4862-BD85-A0543ABC95F6}
	EndGlobalSection
EndGlobal
